
Microsoft Visual Studio Solution File, Format Version 12.00
# Visual Studio Version 16
VisualStudioVersion = 16.0.32228.343
MinimumVisualStudioVersion = 10.0.40219.1
Project("{FAE04EC0-301F-11D3-BF4B-00C04F79EFBC}") = "currencyConverterAPILayer", "currencyConverterAPILayer\currencyConverterAPILayer.csproj", "{78839BC4-ADDB-48ED-B15E-3F513F1727F4}"
EndProject
Global
	GlobalSection(SolutionConfigurationPlatforms) = preSolution
		Debug|Any CPU = Debug|Any CPU
		Release|Any CPU = Release|Any CPU
	EndGlobalSection
	GlobalSection(ProjectConfigurationPlatforms) = postSolution
		{78839BC4-ADDB-48ED-B15E-3F513F1727F4}.Debug|Any CPU.ActiveCfg = Debug|Any CPU
		{78839BC4-ADDB-48ED-B15E-3F513F1727F4}.Debug|Any CPU.Build.0 = Debug|Any CPU
		{78839BC4-ADDB-48ED-B15E-3F513F1727F4}.Release|Any CPU.ActiveCfg = Release|Any CPU
		{78839BC4-ADDB-48ED-B15E-3F513F1727F4}.Release|Any CPU.Build.0 = Release|Any CPU
	EndGlobalSection
	GlobalSection(SolutionProperties) = preSolution
		HideSolutionNode = FALSE
	EndGlobalSection
	GlobalSection(ExtensibilityGlobals) = postSolution
		SolutionGuid = {0C55095B-F09A-40EF-B0DC-8C89C5F22F7D}
	EndGlobalSection
EndGlobal
