
Microsoft Visual Studio Solution File, Format Version 12.00
# Visual Studio Version 16
VisualStudioVersion = 16.0.32228.343
MinimumVisualStudioVersion = 10.0.40219.1
Project("{FAE04EC0-301F-11D3-BF4B-00C04F79EFBC}") = "CurrencyConverterApiLayer", "CurrencyConverterApiLayer\CurrencyConverterApiLayer.csproj", "{26466DB5-0803-433B-9FA5-4A5CE4C15B32}"
EndProject
Global
	GlobalSection(SolutionConfigurationPlatforms) = preSolution
		Debug|Any CPU = Debug|Any CPU
		Release|Any CPU = Release|Any CPU
	EndGlobalSection
	GlobalSection(ProjectConfigurationPlatforms) = postSolution
		{26466DB5-0803-433B-9FA5-4A5CE4C15B32}.Debug|Any CPU.ActiveCfg = Debug|Any CPU
		{26466DB5-0803-433B-9FA5-4A5CE4C15B32}.Debug|Any CPU.Build.0 = Debug|Any CPU
		{26466DB5-0803-433B-9FA5-4A5CE4C15B32}.Release|Any CPU.ActiveCfg = Release|Any CPU
		{26466DB5-0803-433B-9FA5-4A5CE4C15B32}.Release|Any CPU.Build.0 = Release|Any CPU
	EndGlobalSection
	GlobalSection(SolutionProperties) = preSolution
		HideSolutionNode = FALSE
	EndGlobalSection
	GlobalSection(ExtensibilityGlobals) = postSolution
		SolutionGuid = {B4CD1465-ECFF-4C55-9203-14C5CFB6CFEE}
	EndGlobalSection
EndGlobal
